
Microsoft Visual Studio Solution File, Format Version 12.00
# Visual Studio Version 16
VisualStudioVersion = 16.0.29728.190
MinimumVisualStudioVersion = 10.0.40219.1
Project("{FAE04EC0-301F-11D3-BF4B-00C04F79EFBC}") = "DemoApi", "DemoApi\DemoApi.csproj", "{C470595A-806A-411E-9383-CD7CF97539B9}"
EndProject
Global
	GlobalSection(SolutionConfigurationPlatforms) = preSolution
		Debug|Any CPU = Debug|Any CPU
		Release|Any CPU = Release|Any CPU
	EndGlobalSection
	GlobalSection(ProjectConfigurationPlatforms) = postSolution
		{C470595A-806A-411E-9383-CD7CF97539B9}.Debug|Any CPU.ActiveCfg = Debug|Any CPU
		{C470595A-806A-411E-9383-CD7CF97539B9}.Debug|Any CPU.Build.0 = Debug|Any CPU
		{C470595A-806A-411E-9383-CD7CF97539B9}.Release|Any CPU.ActiveCfg = Release|Any CPU
		{C470595A-806A-411E-9383-CD7CF97539B9}.Release|Any CPU.Build.0 = Release|Any CPU
	EndGlobalSection
	GlobalSection(SolutionProperties) = preSolution
		HideSolutionNode = FALSE
	EndGlobalSection
	GlobalSection(ExtensibilityGlobals) = postSolution
		SolutionGuid = {72A518FD-37C2-4274-BC7F-71C7701CD08F}
	EndGlobalSection
EndGlobal
